{
  "nodes": {
    "darwin": {
      "inputs": {
        "nixpkgs": [
          "nixpkgs-darwin"
        ]
      },
      "locked": {
        "lastModified": 1606417753,
        "narHash": "sha256-HIdZajJiMqRObKLzEeDsrZ6y9wVx1zDI0LiK9QBea8Q=",
        "owner": "lnl7",
        "repo": "nix-darwin",
        "rev": "6c6eb8ace6599a33eeb33e28453a601ab02e523e",
        "type": "github"
      },
      "original": {
        "owner": "lnl7",
        "repo": "nix-darwin",
        "type": "github"
      }
    },
    "emacs": {
      "locked": {
        "lastModified": 1606666805,
        "narHash": "sha256-2+7UgSbGUOsu9SVq8ilbnxC1yD0RIdbwXz6Tby2/c6U=",
        "owner": "nix-community",
        "repo": "emacs-overlay",
        "rev": "f7fbaaa9222dfb256955190a80002ea910098f0a",
        "type": "github"
      },
      "original": {
        "owner": "nix-community",
        "repo": "emacs-overlay",
        "type": "github"
      }
    },
    "home": {
      "inputs": {
        "nixpkgs": "nixpkgs"
      },
      "locked": {
        "lastModified": 1606691558,
        "narHash": "sha256-mkLAmBhiQ7kI7Ezw1ken3ymGolBmEfiO881iFWSGrbg=",
        "owner": "rycee",
        "repo": "home-manager",
        "rev": "c1faa848c5224452660cd6d2e0f4bd3e8d206419",
        "type": "github"
      },
      "original": {
        "owner": "rycee",
        "repo": "home-manager",
        "type": "github"
      }
    },
    "master": {
      "locked": {
        "lastModified": 1606694906,
        "narHash": "sha256-K6PUFQDcJpyZcBfYhQiN3EA4vprdIYCREUkpwdQVmTc=",
        "owner": "NixOS",
        "repo": "nixpkgs",
        "rev": "a2b278f0951a41a9eb781403cf7cf621e5a1bf2e",
        "type": "github"
      },
      "original": {
        "id": "nixpkgs",
        "ref": "master",
        "type": "indirect"
      }
    },
    "nixos": {
      "locked": {
        "lastModified": 1606655114,
        "narHash": "sha256-sCOycaZWoucJ15RTE31YkNnxAOUWgVO/i/0a9DkACxE=",
        "owner": "NixOS",
        "repo": "nixpkgs",
        "rev": "8ee7c2505f9e7019aa69c8a6313e5f2d32a69f27",
        "type": "github"
      },
      "original": {
        "id": "nixpkgs",
        "ref": "nixos-unstable",
        "type": "indirect"
      }
    },
    "nixpkgs": {
      "locked": {
        "lastModified": 1605926951,
        "narHash": "sha256-FHJcwGKCWlky1/j/xMwRVpwZhmHZGJ/DEPlxriT0urM=",
        "path": "/nix/store/mgfrak68myi589x5sdlnvxvld2hsqk1p-source",
        "rev": "65c4e2500f25076a2db330b8953410faab817420",
        "type": "path"
      },
      "original": {
        "id": "nixpkgs",
        "type": "indirect"
      }
    },
    "nixpkgs-darwin": {
      "locked": {
        "lastModified": 1606669556,
        "narHash": "sha256-9rlqZ5JwnA6nK04vKhV0s5ndepnWL5hpkaTV1b4ASvk=",
        "owner": "nixos",
        "repo": "nixpkgs",
        "rev": "ae47c79479a086e96e2977c61e538881913c0c08",
        "type": "github"
      },
      "original": {
        "owner": "nixos",
        "ref": "nixpkgs-20.09-darwin",
        "repo": "nixpkgs",
        "type": "github"
      }
    },
    "root": {
      "inputs": {
        "darwin": "darwin",
        "emacs": "emacs",
        "home": "home",
        "master": "master",
        "nixos": "nixos",
        "nixpkgs-darwin": "nixpkgs-darwin"
      }
    }
  },
  "root": "root",
  "version": 7
}
