{
  "nodes": {
    "devshell": {
      "locked": {
        "lastModified": 1611302109,
        "narHash": "sha256-t/4X34zcMiTj1biawU7UHeV/nL5vzLWlBMYzLUlSE+s=",
        "owner": "numtide",
        "repo": "devshell",
        "rev": "9aa8c4c4dc52203e265e5322216a28badf185003",
        "type": "github"
      },
      "original": {
        "owner": "numtide",
        "repo": "devshell",
        "type": "github"
      }
    },
    "emacs": {
      "locked": {
        "lastModified": 1611634594,
        "narHash": "sha256-Op/+0l4Ga1O1RnVVTO70iTX0UpeHXt8ya3uOXi0iEMM=",
        "owner": "nix-community",
        "repo": "emacs-overlay",
        "rev": "69dfcd049e6a7829b8ab1767994b056946adb692",
        "type": "github"
      },
      "original": {
        "owner": "nix-community",
        "repo": "emacs-overlay",
        "type": "github"
      }
    },
    "flake-utils": {
      "locked": {
        "lastModified": 1608663846,
        "narHash": "sha256-YOAXeoNLW0IubQ6AZLGuSj5kAD5n4DYXLYReLtyds1A=",
        "owner": "numtide",
        "repo": "flake-utils",
        "rev": "a68df93a37cd5137ac22ffeb2d8a03acf253cc24",
        "type": "github"
      },
      "original": {
        "owner": "numtide",
        "ref": "flatten-tree-system",
        "repo": "flake-utils",
        "type": "github"
      }
    },
    "hardware": {
      "locked": {
        "lastModified": 1611383797,
        "narHash": "sha256-FIpG2f4+d9UsXCogBTswoPjD/aWZ3dvV5TZjqlL4gyM=",
        "owner": "nixos",
        "repo": "nixos-hardware",
        "rev": "a0d8383c422f85f37fccee5af74b1cb4b52287d9",
        "type": "github"
      },
      "original": {
        "owner": "nixos",
        "repo": "nixos-hardware",
        "type": "github"
      }
    },
    "home": {
      "inputs": {
        "nixpkgs": "nixpkgs"
      },
      "locked": {
        "lastModified": 1611323638,
        "narHash": "sha256-+7wm2RH82NYTZjzl0Nw+8E4yyXqVp/6xPdPWHAQXlt8=",
        "owner": "rycee",
        "repo": "home-manager",
        "rev": "91bd34620d73340be03642279ee0d1c64110ee6c",
        "type": "github"
      },
      "original": {
        "owner": "rycee",
        "ref": "release-20.09",
        "repo": "home-manager",
        "type": "github"
      }
    },
    "master": {
      "locked": {
        "lastModified": 1611645451,
        "narHash": "sha256-8AkteSYb3rtJTZKPAhIGPRLY2Eqzkdjb+aKP/ymSTr4=",
        "owner": "NixOS",
        "repo": "nixpkgs",
        "rev": "f0a821afc5c66c9878665073c2b247790f269088",
        "type": "github"
      },
      "original": {
        "id": "nixpkgs",
        "ref": "master",
        "type": "indirect"
      }
    },
    "nixos": {
      "locked": {
        "lastModified": 1611441711,
        "narHash": "sha256-a+2ndW606WZBoknqDEBD3RuxcnjvwfTfh2EoDzi+lZQ=",
        "owner": "NixOS",
        "repo": "nixpkgs",
        "rev": "a058d005b3cbb370bf171ebce01839dd6ff52222",
        "type": "github"
      },
      "original": {
        "id": "nixpkgs",
        "ref": "nixos-20.09",
        "type": "indirect"
      }
    },
    "nixpkgs": {
      "locked": {
        "lastModified": 1611441711,
        "narHash": "sha256-a+2ndW606WZBoknqDEBD3RuxcnjvwfTfh2EoDzi+lZQ=",
        "path": "/nix/store/5vc8d6m4whan9zmb67brkxswvb9jjrvs-source",
        "rev": "a058d005b3cbb370bf171ebce01839dd6ff52222",
        "type": "path"
      },
      "original": {
        "id": "nixpkgs",
        "type": "indirect"
      }
    },
    "nur": {
      "locked": {
        "lastModified": 1611646291,
        "narHash": "sha256-zjsZYuD6KYpFfGVZoYkkg3+/FYbapBeRpKGWKnVk2co=",
        "owner": "nix-community",
        "repo": "NUR",
        "rev": "2522d4e7cae57192969d4cc77cfe2b7e366ceaa4",
        "type": "github"
      },
      "original": {
        "owner": "nix-community",
        "repo": "NUR",
        "type": "github"
      }
    },
    "root": {
      "inputs": {
        "devshell": "devshell",
        "emacs": "emacs",
        "flake-utils": "flake-utils",
        "hardware": "hardware",
        "home": "home",
        "master": "master",
        "nixos": "nixos",
        "nur": "nur"
      }
    }
  },
  "root": "root",
  "version": 7
}
