{
  "nodes": {
    "devshell": {
      "locked": {
        "lastModified": 1609678589,
        "narHash": "sha256-Yol0Jb3wC3J0HWQy3QjBMeRN+epAM3bwIq7QhXTuhrw=",
        "owner": "numtide",
        "repo": "devshell",
        "rev": "f18069890632110c70eaa9bf5ddcf99ea17ff9c2",
        "type": "github"
      },
      "original": {
        "owner": "numtide",
        "repo": "devshell",
        "type": "github"
      }
    },
    "emacs": {
      "locked": {
        "lastModified": 1609691039,
        "narHash": "sha256-D8XxSBJ/FgUozgyqilSxq+AT7re9NOOOY/LlLK91JmA=",
        "owner": "nix-community",
        "repo": "emacs-overlay",
        "rev": "6e3544b73afea08d1428b159b2a57dc9d1724493",
        "type": "github"
      },
      "original": {
        "owner": "nix-community",
        "repo": "emacs-overlay",
        "type": "github"
      }
    },
    "flake-utils": {
      "locked": {
        "lastModified": 1609246779,
        "narHash": "sha256-eq6ZXE/VWo3EMC65jmIT6H/rrUc9UWOWVujkzav025k=",
        "owner": "numtide",
        "repo": "flake-utils",
        "rev": "08c7ad4a0844adc4a7f9f5bb3beae482e789afa4",
        "type": "github"
      },
      "original": {
        "owner": "numtide",
        "repo": "flake-utils",
        "type": "github"
      }
    },
    "hardware": {
      "locked": {
        "lastModified": 1608918390,
        "narHash": "sha256-Ztx7egQQyF4RtWFKaZiytvZF1Yzk4R2GZ7c5r1/JjPw=",
        "owner": "nixos",
        "repo": "nixos-hardware",
        "rev": "c242378e63b0ec334e964ac0c0fbbdd2b3e89ebf",
        "type": "github"
      },
      "original": {
        "owner": "nixos",
        "repo": "nixos-hardware",
        "type": "github"
      }
    },
    "home": {
      "inputs": {
        "nixpkgs": "nixpkgs"
      },
      "locked": {
        "lastModified": 1609665715,
        "narHash": "sha256-O5Cy3BgKBoZFM2ZdjndYeQNxESI2ZcMdke60wZ6uPgk=",
        "owner": "rycee",
        "repo": "home-manager",
        "rev": "b9597e57747f227317affdfa2f97fee8e167c33f",
        "type": "github"
      },
      "original": {
        "owner": "rycee",
        "repo": "home-manager",
        "type": "github"
      }
    },
    "master": {
      "locked": {
        "lastModified": 1609705439,
        "narHash": "sha256-5HbFJnfL7nW892TmkaiWyjxFoOeUXgmt466LfKUI3XA=",
        "owner": "NixOS",
        "repo": "nixpkgs",
        "rev": "fe0e26dcb96dba3f6b1cdd87f42693c300a20816",
        "type": "github"
      },
      "original": {
        "id": "nixpkgs",
        "ref": "master",
        "type": "indirect"
      }
    },
    "nixos": {
      "locked": {
        "lastModified": 1609580981,
        "narHash": "sha256-esnPRxHdqKTdOJyEol3zOJ7/atfvNyKFW1IN+ejzhfI=",
        "owner": "NixOS",
        "repo": "nixpkgs",
        "rev": "56bb1b0f7a33e5d487dc2bf2e846794f4dcb4d01",
        "type": "github"
      },
      "original": {
        "id": "nixpkgs",
        "ref": "nixos-unstable",
        "type": "indirect"
      }
    },
    "nixpkgs": {
      "locked": {
        "lastModified": 1609591263,
        "narHash": "sha256-I26oNkBpi6Upsmb0By6by3mlM/vV3t/uWuJhQ15ID44=",
        "path": "/nix/store/h3563xygd5w3nb5wpdirkwzf1jb20z8w-source",
        "rev": "c6b23ba64aea4b0e2163ff84990084a6bec455c5",
        "type": "path"
      },
      "original": {
        "id": "nixpkgs",
        "type": "indirect"
      }
    },
    "nur": {
      "locked": {
        "lastModified": 1609689741,
        "narHash": "sha256-r2c2QCbJXuEawAZUiALubdU8B/pnd8fm6RZHuShY/CQ=",
        "owner": "nix-community",
        "repo": "NUR",
        "rev": "1aff751732d05aab22d380e3bdd1ff5528605499",
        "type": "github"
      },
      "original": {
        "owner": "nix-community",
        "repo": "NUR",
        "type": "github"
      }
    },
    "root": {
      "inputs": {
        "devshell": "devshell",
        "emacs": "emacs",
        "flake-utils": "flake-utils",
        "hardware": "hardware",
        "home": "home",
        "master": "master",
        "nixos": "nixos",
        "nur": "nur"
      }
    }
  },
  "root": "root",
  "version": 7
}
