# This file was autogenerated by Stack.
# You should not edit this file by hand.
# For more information, please see the documentation at:
#   https://docs.haskellstack.org/en/stable/lock_files

packages:
- completed:
    hackage: X11-xft-0.3.1@sha256:3fc08ff4c419405f33905b160a1d405c60be801d3d1ace745ee5b7ca38531363,654
    pantry-tree:
      size: 325
      sha256: 107995822ae4183e9d9ef04b65d32b672b4a8f40e6f898d4094e4e2d5b564d85
  original:
    hackage: X11-xft-0.3.1
snapshots:
- completed:
    size: 496112
    url: https://raw.githubusercontent.com/commercialhaskell/stackage-snapshots/master/lts/15/13.yaml
    sha256: 75a1a0f870e1876898b117b0e443f911b3fa2985bfabb53158c81ab5765beda5
  original: lts-15.13
